
Microsoft Visual Studio Solution File, Format Version 12.00
# Visual Studio Version 16
VisualStudioVersion = 16.0.32802.440
MinimumVisualStudioVersion = 10.0.40219.1
Project("{FAE04EC0-301F-11D3-BF4B-00C04F79EFBC}") = "Phonebook_Mysql", "Phonebook_Mysql\Phonebook_Mysql.csproj", "{9DA36109-46BE-4A81-A957-BF1A229B9311}"
EndProject
Global
	GlobalSection(SolutionConfigurationPlatforms) = preSolution
		Debug|Any CPU = Debug|Any CPU
		Release|Any CPU = Release|Any CPU
	EndGlobalSection
	GlobalSection(ProjectConfigurationPlatforms) = postSolution
		{9DA36109-46BE-4A81-A957-BF1A229B9311}.Debug|Any CPU.ActiveCfg = Debug|Any CPU
		{9DA36109-46BE-4A81-A957-BF1A229B9311}.Debug|Any CPU.Build.0 = Debug|Any CPU
		{9DA36109-46BE-4A81-A957-BF1A229B9311}.Release|Any CPU.ActiveCfg = Release|Any CPU
		{9DA36109-46BE-4A81-A957-BF1A229B9311}.Release|Any CPU.Build.0 = Release|Any CPU
	EndGlobalSection
	GlobalSection(SolutionProperties) = preSolution
		HideSolutionNode = FALSE
	EndGlobalSection
	GlobalSection(ExtensibilityGlobals) = postSolution
		SolutionGuid = {D9BC5676-A8C0-49ED-AF78-3934985F0F80}
	EndGlobalSection
EndGlobal
